
Microsoft Visual Studio Solution File, Format Version 11.00
# Visual Studio 2010
Project("{FAE04EC0-301F-11D3-BF4B-00C04F79EFBC}") = "Semester6_Game", "Assembly-CSharp-firstpass.csproj", "{3752314E-F188-1398-8B3D-3DC9617C0CB1}"
EndProject
Project("{FAE04EC0-301F-11D3-BF4B-00C04F79EFBC}") = "Semester6_Game", "Assembly-CSharp.csproj", "{36CFE6BF-C65C-2B6F-7064-693C931C7D73}"
EndProject
Project("{FAE04EC0-301F-11D3-BF4B-00C04F79EFBC}") = "Semester6_Game", "Assembly-CSharp-Editor-firstpass.csproj", "{3495B999-AB80-23B6-8012-F98C57F87BFA}"
EndProject
Project("{FAE04EC0-301F-11D3-BF4B-00C04F79EFBC}") = "Semester6_Game", "Assembly-CSharp-Editor.csproj", "{27880121-9EE7-08E3-8304-90913D1453B2}"
EndProject
Global
	GlobalSection(SolutionConfigurationPlatforms) = preSolution
		Debug|Any CPU = Debug|Any CPU
		Release|Any CPU = Release|Any CPU
	EndGlobalSection
	GlobalSection(ProjectConfigurationPlatforms) = postSolution
		{3752314E-F188-1398-8B3D-3DC9617C0CB1}.Debug|Any CPU.ActiveCfg = Debug|Any CPU
		{3752314E-F188-1398-8B3D-3DC9617C0CB1}.Debug|Any CPU.Build.0 = Debug|Any CPU
		{3752314E-F188-1398-8B3D-3DC9617C0CB1}.Release|Any CPU.ActiveCfg = Release|Any CPU
		{3752314E-F188-1398-8B3D-3DC9617C0CB1}.Release|Any CPU.Build.0 = Release|Any CPU
		{36CFE6BF-C65C-2B6F-7064-693C931C7D73}.Debug|Any CPU.ActiveCfg = Debug|Any CPU
		{36CFE6BF-C65C-2B6F-7064-693C931C7D73}.Debug|Any CPU.Build.0 = Debug|Any CPU
		{36CFE6BF-C65C-2B6F-7064-693C931C7D73}.Release|Any CPU.ActiveCfg = Release|Any CPU
		{36CFE6BF-C65C-2B6F-7064-693C931C7D73}.Release|Any CPU.Build.0 = Release|Any CPU
		{3495B999-AB80-23B6-8012-F98C57F87BFA}.Debug|Any CPU.ActiveCfg = Debug|Any CPU
		{3495B999-AB80-23B6-8012-F98C57F87BFA}.Debug|Any CPU.Build.0 = Debug|Any CPU
		{3495B999-AB80-23B6-8012-F98C57F87BFA}.Release|Any CPU.ActiveCfg = Release|Any CPU
		{3495B999-AB80-23B6-8012-F98C57F87BFA}.Release|Any CPU.Build.0 = Release|Any CPU
		{27880121-9EE7-08E3-8304-90913D1453B2}.Debug|Any CPU.ActiveCfg = Debug|Any CPU
		{27880121-9EE7-08E3-8304-90913D1453B2}.Debug|Any CPU.Build.0 = Debug|Any CPU
		{27880121-9EE7-08E3-8304-90913D1453B2}.Release|Any CPU.ActiveCfg = Release|Any CPU
		{27880121-9EE7-08E3-8304-90913D1453B2}.Release|Any CPU.Build.0 = Release|Any CPU
	EndGlobalSection
	GlobalSection(SolutionProperties) = preSolution
		HideSolutionNode = FALSE
	EndGlobalSection
	GlobalSection(MonoDevelopProperties) = preSolution
		StartupItem = Assembly-CSharp.csproj
	EndGlobalSection
EndGlobal
